
Microsoft Visual Studio Solution File, Format Version 12.00
# Visual Studio Version 17
VisualStudioVersion = 17.0.32112.339
MinimumVisualStudioVersion = 10.0.40219.1
Project("{9A19103F-16F7-4668-BE54-9A1E7A4F7556}") = "mt.reconnect.v731", "mt.reconnect.v731\mt.reconnect.v731.csproj", "{2133C7F4-FEF9-4BA0-A78A-81EF12275091}"
EndProject
Project("{9A19103F-16F7-4668-BE54-9A1E7A4F7556}") = "mt.reconnect.v8", "mt.reconnect.v8\mt.reconnect.v8.csproj", "{CAD9608F-CFC6-40B8-A9C6-1788C0812999}"
EndProject
Project("{FAE04EC0-301F-11D3-BF4B-00C04F79EFBC}") = "mt.reconnect.publisher", "mt.reconnect.publisher\mt.reconnect.publisher.csproj", "{F7A5FD47-E59F-472B-9056-CFFAF2BEDA37}"
EndProject
Project("{FAE04EC0-301F-11D3-BF4B-00C04F79EFBC}") = "mt.reconnect.contracts", "mt.reconnect.contracts\mt.reconnect.contracts.csproj", "{5B0B2350-8121-456B-9435-A86BB0407130}"
EndProject
Project("{9A19103F-16F7-4668-BE54-9A1E7A4F7556}") = "mt.reconnect.v723", "mt.reconnect.v723\mt.reconnect.v723.csproj", "{601B9E35-C6C0-4132-BE6A-3608071167EB}"
EndProject
Global
	GlobalSection(SolutionConfigurationPlatforms) = preSolution
		Debug|Any CPU = Debug|Any CPU
		Release|Any CPU = Release|Any CPU
	EndGlobalSection
	GlobalSection(ProjectConfigurationPlatforms) = postSolution
		{2133C7F4-FEF9-4BA0-A78A-81EF12275091}.Debug|Any CPU.ActiveCfg = Debug|Any CPU
		{2133C7F4-FEF9-4BA0-A78A-81EF12275091}.Debug|Any CPU.Build.0 = Debug|Any CPU
		{2133C7F4-FEF9-4BA0-A78A-81EF12275091}.Release|Any CPU.ActiveCfg = Release|Any CPU
		{2133C7F4-FEF9-4BA0-A78A-81EF12275091}.Release|Any CPU.Build.0 = Release|Any CPU
		{CAD9608F-CFC6-40B8-A9C6-1788C0812999}.Debug|Any CPU.ActiveCfg = Debug|Any CPU
		{CAD9608F-CFC6-40B8-A9C6-1788C0812999}.Debug|Any CPU.Build.0 = Debug|Any CPU
		{CAD9608F-CFC6-40B8-A9C6-1788C0812999}.Release|Any CPU.ActiveCfg = Release|Any CPU
		{CAD9608F-CFC6-40B8-A9C6-1788C0812999}.Release|Any CPU.Build.0 = Release|Any CPU
		{F7A5FD47-E59F-472B-9056-CFFAF2BEDA37}.Debug|Any CPU.ActiveCfg = Debug|Any CPU
		{F7A5FD47-E59F-472B-9056-CFFAF2BEDA37}.Debug|Any CPU.Build.0 = Debug|Any CPU
		{F7A5FD47-E59F-472B-9056-CFFAF2BEDA37}.Release|Any CPU.ActiveCfg = Release|Any CPU
		{F7A5FD47-E59F-472B-9056-CFFAF2BEDA37}.Release|Any CPU.Build.0 = Release|Any CPU
		{5B0B2350-8121-456B-9435-A86BB0407130}.Debug|Any CPU.ActiveCfg = Debug|Any CPU
		{5B0B2350-8121-456B-9435-A86BB0407130}.Debug|Any CPU.Build.0 = Debug|Any CPU
		{5B0B2350-8121-456B-9435-A86BB0407130}.Release|Any CPU.ActiveCfg = Release|Any CPU
		{5B0B2350-8121-456B-9435-A86BB0407130}.Release|Any CPU.Build.0 = Release|Any CPU
		{601B9E35-C6C0-4132-BE6A-3608071167EB}.Debug|Any CPU.ActiveCfg = Debug|Any CPU
		{601B9E35-C6C0-4132-BE6A-3608071167EB}.Debug|Any CPU.Build.0 = Debug|Any CPU
		{601B9E35-C6C0-4132-BE6A-3608071167EB}.Release|Any CPU.ActiveCfg = Release|Any CPU
		{601B9E35-C6C0-4132-BE6A-3608071167EB}.Release|Any CPU.Build.0 = Release|Any CPU
	EndGlobalSection
	GlobalSection(SolutionProperties) = preSolution
		HideSolutionNode = FALSE
	EndGlobalSection
	GlobalSection(ExtensibilityGlobals) = postSolution
		SolutionGuid = {0DA5994E-7B2D-4EBF-9FD0-6F061462D7C5}
	EndGlobalSection
EndGlobal
